{
  "originHash" : "96ab2f40c501bdadeea99efa9dac83a750832d041073e6a0d2c11e227196dab3",
  "pins" : [
    {
      "identity" : "lucide-icons-swift",
      "kind" : "remoteSourceControl",
      "location" : "https://github.com/JakubMazur/lucide-icons-swift.git",
      "state" : {
        "revision" : "673be9f867bc203e66ef93be3bae13fed6ed19be",
        "version" : "0.503.0"
      }
    }
  ],
  "version" : 3
}
